# This file was autogenerated by Stack.
# You should not edit this file by hand.
# For more information, please see the documentation at:
#   https://docs.haskellstack.org/en/stable/lock_files

packages:
- completed:
    hackage: HDBC-postgresql-2.5.0.0@sha256:10ceb4f456bbd4768a3f0ab425d9b4d40cb0e17992083b881b37fe5d91b58aba,3050
    pantry-tree:
      size: 1611
      sha256: 9db472e5f433c07d097b6cdc6af354d0a40c0fd3c7205510973380ced739c764
  original:
    hackage: HDBC-postgresql-2.5.0.0@sha256:10ceb4f456bbd4768a3f0ab425d9b4d40cb0e17992083b881b37fe5d91b58aba
snapshots:
- completed:
    size: 587821
    url: https://raw.githubusercontent.com/commercialhaskell/stackage-snapshots/master/lts/18/24.yaml
    sha256: 06d844ba51e49907bd29cb58b4a5f86ee7587a4cd7e6cf395eeec16cba619ce8
  original: lts-18.24
