# This file was autogenerated by Stack.
# You should not edit this file by hand.
# For more information, please see the documentation at:
#   https://docs.haskellstack.org/en/stable/lock_files

packages:
- completed:
    hackage: HDBC-postgresql-2.5.0.1@sha256:37bb911cd996d12c91fa711002877f32f91bcc488de76d85a05865c3af9dc580,3032
    pantry-tree:
      size: 1611
      sha256: bb1e349a28844e59ed36e1a3963cd6946e57f5e39244a6d36397d6291d68a138
  original:
    hackage: HDBC-postgresql-2.5.0.1@sha256:37bb911cd996d12c91fa711002877f32f91bcc488de76d85a05865c3af9dc580,3032
snapshots:
- completed:
    size: 587821
    url: https://raw.githubusercontent.com/commercialhaskell/stackage-snapshots/master/lts/18/24.yaml
    sha256: 06d844ba51e49907bd29cb58b4a5f86ee7587a4cd7e6cf395eeec16cba619ce8
  original: lts-18.24
